# THIS IS AN AUTOGENERATED FILE. DO NOT EDIT THIS FILE DIRECTLY.
# yarn lockfile v1


"@babel/runtime@^7.1.2", "@babel/runtime@^7.2.0", "@babel/runtime@^7.4.0":
  version "7.5.5"
  resolved "https://registry.yarnpkg.com/@babel/runtime/-/runtime-7.5.5.tgz#74fba56d35efbeca444091c7850ccd494fd2f132"
  integrity sha512-28QvEGyQyNkB0/m2B4FU7IEZGK2NUrcMtT6BZEFALTguLk+AUT6ofsHtPk5QyjAdUkpMJ+/Em+quwz4HOt30AQ==
  dependencies:
    regenerator-runtime "^0.13.2"

axios@^0.21.1:
  version "0.21.1"
  resolved "https://registry.yarnpkg.com/axios/-/axios-0.21.1.tgz#22563481962f4d6bde9a76d516ef0e5d3c09b2b8"
  integrity sha512-dKQiRHxGD9PPRIUNIWvZhPTPpl1rf/OxTYKsqKUDjBwYylTvV7SjSHJb9ratfyzM6wCdLCOYLzs73qpg5c4iGA==
  dependencies:
    follow-redirects "^1.10.0"

bootstrap@^4.3.1:
  version "4.3.1"
  resolved "https://registry.yarnpkg.com/bootstrap/-/bootstrap-4.3.1.tgz#280ca8f610504d99d7b6b4bfc4b68cec601704ac"
  integrity sha512-rXqOmH1VilAt2DyPzluTi2blhk17bO7ef+zLLPlWvG494pDxcM234pJ8wTc/6R40UWizAIIMgxjvxZg5kmsbag==

classnames@^2.2.3:
  version "2.2.6"
  resolved "https://registry.yarnpkg.com/classnames/-/classnames-2.2.6.tgz#43935bffdd291f326dad0a205309b38d00f650ce"
  integrity sha512-JR/iSQOSt+LQIWwrwEzJ9uk0xfN3mTVYMwt1Ir5mUcSN6pU+V4zQFFaJsclJbPuAUQH+yfWef6tm7l1quW3C8Q==

create-react-context@^0.3.0:
  version "0.3.0"
  resolved "https://registry.yarnpkg.com/create-react-context/-/create-react-context-0.3.0.tgz#546dede9dc422def0d3fc2fe03afe0bc0f4f7d8c"
  integrity sha512-dNldIoSuNSvlTJ7slIKC/ZFGKexBMBrrcc+TTe1NdmROnaASuLPvqpwj9v4XS4uXZ8+YPu0sNmShX2rXI5LNsw==
  dependencies:
    gud "^1.0.0"
    warning "^4.0.3"

deepmerge@^4.0.0:
  version "4.0.0"
  resolved "https://registry.yarnpkg.com/deepmerge/-/deepmerge-4.0.0.tgz#3e3110ca29205f120d7cb064960a39c3d2087c09"
  integrity sha512-YZ1rOP5+kHor4hMAH+HRQnBQHg+wvS1un1hAOuIcxcBy0hzcUf6Jg2a1w65kpoOUnurOfZbERwjI1TfZxNjcww==

dom-helpers@^3.4.0:
  version "3.4.0"
  resolved "https://registry.yarnpkg.com/dom-helpers/-/dom-helpers-3.4.0.tgz#e9b369700f959f62ecde5a6babde4bccd9169af8"
  integrity sha512-LnuPJ+dwqKDIyotW1VzmOZ5TONUN7CwkCR5hrgawTUbkBGYdeoNLZo6nNfGkCrjtE1nXXaj7iMMpDa8/d9WoIA==
  dependencies:
    "@babel/runtime" "^7.1.2"

follow-redirects@^1.10.0:
  version "1.13.1"
  resolved "https://registry.yarnpkg.com/follow-redirects/-/follow-redirects-1.13.1.tgz#5f69b813376cee4fd0474a3aba835df04ab763b7"
  integrity sha512-SSG5xmZh1mkPGyKzjZP8zLjltIfpW32Y5QpdNJyjcfGxK3qo3NDDkZOZSFiGn1A6SclQxY9GzEwAHQ3dmYRWpg==

gud@^1.0.0:
  version "1.0.0"
  resolved "https://registry.yarnpkg.com/gud/-/gud-1.0.0.tgz#a489581b17e6a70beca9abe3ae57de7a499852c0"
  integrity sha512-zGEOVKFM5sVPPrYs7J5/hYEw2Pof8KCyOwyhG8sAF26mCAeUFAcYPu1mwB7hhpIP29zOIBaDqwuHdLp0jvZXjw==

history@^4.9.0:
  version "4.9.0"
  resolved "https://registry.yarnpkg.com/history/-/history-4.9.0.tgz#84587c2068039ead8af769e9d6a6860a14fa1bca"
  integrity sha512-H2DkjCjXf0Op9OAr6nJ56fcRkTSNrUiv41vNJ6IswJjif6wlpZK0BTfFbi7qK9dXLSYZxkq5lBsj3vUjlYBYZA==
  dependencies:
    "@babel/runtime" "^7.1.2"
    loose-envify "^1.2.0"
    resolve-pathname "^2.2.0"
    tiny-invariant "^1.0.2"
    tiny-warning "^1.0.0"
    value-equal "^0.4.0"

hoist-non-react-statics@^3.1.0:
  version "3.3.0"
  resolved "https://registry.yarnpkg.com/hoist-non-react-statics/-/hoist-non-react-statics-3.3.0.tgz#b09178f0122184fb95acf525daaecb4d8f45958b"
  integrity sha512-0XsbTXxgiaCDYDIWFcwkmerZPSwywfUqYmwT4jzewKTQSWoE6FCMoUVOeBJWK3E/CrWbxRG3m5GzY4lnIwGRBA==
  dependencies:
    react-is "^16.7.0"

isarray@0.0.1:
  version "0.0.1"
  resolved "https://registry.yarnpkg.com/isarray/-/isarray-0.0.1.tgz#8a18acfca9a8f4177e09abfc6038939b05d1eedf"
  integrity sha1-ihis/Kmo9Bd+Cav8YDiTmwXR7t8=

"js-tokens@^3.0.0 || ^4.0.0":
  version "4.0.0"
  resolved "https://registry.yarnpkg.com/js-tokens/-/js-tokens-4.0.0.tgz#19203fb59991df98e3a287050d4647cdeaf32499"
  integrity sha512-RdJUflcE3cUzKiMqQgsCu06FPu9UdIJO0beYbPhHN4k6apgJtifcoCtT9bcxOpYBtpD2kCM6Sbzg4CausW/PKQ==

load-script@^1.0.0:
  version "1.0.0"
  resolved "https://registry.yarnpkg.com/load-script/-/load-script-1.0.0.tgz#0491939e0bee5643ee494a7e3da3d2bac70c6ca4"
  integrity sha1-BJGTngvuVkPuSUp+PaPSuscMbKQ=

lodash.isfunction@^3.0.9:
  version "3.0.9"
  resolved "https://registry.yarnpkg.com/lodash.isfunction/-/lodash.isfunction-3.0.9.tgz#06de25df4db327ac931981d1bdb067e5af68d051"
  integrity sha512-AirXNj15uRIMMPihnkInB4i3NHeb4iBtNg9WRWuK2o31S+ePwwNmDPaTL3o7dTJ+VXNZim7rFs4rxN4YU1oUJw==

lodash.isobject@^3.0.2:
  version "3.0.2"
  resolved "https://registry.yarnpkg.com/lodash.isobject/-/lodash.isobject-3.0.2.tgz#3c8fb8d5b5bf4bf90ae06e14f2a530a4ed935e1d"
  integrity sha1-PI+41bW/S/kK4G4U8qUwpO2TXh0=

lodash.tonumber@^4.0.3:
  version "4.0.3"
  resolved "https://registry.yarnpkg.com/lodash.tonumber/-/lodash.tonumber-4.0.3.tgz#0b96b31b35672793eb7f5a63ee791f1b9e9025d9"
  integrity sha1-C5azGzVnJ5Prf1pj7nkfG56QJdk=

loose-envify@^1.0.0, loose-envify@^1.2.0, loose-envify@^1.3.1, loose-envify@^1.4.0:
  version "1.4.0"
  resolved "https://registry.yarnpkg.com/loose-envify/-/loose-envify-1.4.0.tgz#71ee51fa7be4caec1a63839f7e682d8132d30caf"
  integrity sha512-lyuxPGr/Wfhrlem2CL/UcnUc1zcqKAImBDzukY7Y5F/yQiNdko6+fRLevlw1HgMySw7f611UIY408EtxRSoK3Q==
  dependencies:
    js-tokens "^3.0.0 || ^4.0.0"

mini-create-react-context@^0.3.0:
  version "0.3.2"
  resolved "https://registry.yarnpkg.com/mini-create-react-context/-/mini-create-react-context-0.3.2.tgz#79fc598f283dd623da8e088b05db8cddab250189"
  integrity sha512-2v+OeetEyliMt5VHMXsBhABoJ0/M4RCe7fatd/fBy6SMiKazUSEt3gxxypfnk2SHMkdBYvorHRoQxuGoiwbzAw==
  dependencies:
    "@babel/runtime" "^7.4.0"
    gud "^1.0.0"
    tiny-warning "^1.0.2"

object-assign@^4.1.1:
  version "4.1.1"
  resolved "https://registry.yarnpkg.com/object-assign/-/object-assign-4.1.1.tgz#2109adc7965887cfc05cbbd442cac8bfbb360863"
  integrity sha1-IQmtx5ZYh8/AXLvUQsrIv7s2CGM=

path-to-regexp@^1.7.0:
  version "1.7.0"
  resolved "https://registry.yarnpkg.com/path-to-regexp/-/path-to-regexp-1.7.0.tgz#59fde0f435badacba103a84e9d3bc64e96b9937d"
  integrity sha1-Wf3g9DW62suhA6hOnTvGTpa5k30=
  dependencies:
    isarray "0.0.1"

popper.js@^1.14.4:
  version "1.15.0"
  resolved "https://registry.yarnpkg.com/popper.js/-/popper.js-1.15.0.tgz#5560b99bbad7647e9faa475c6b8056621f5a4ff2"
  integrity sha512-w010cY1oCUmI+9KwwlWki+r5jxKfTFDVoadl7MSrIujHU5MJ5OR6HTDj6Xo8aoR/QsA56x8jKjA59qGH4ELtrA==

prop-types@^15.5.6, prop-types@^15.5.8, prop-types@^15.6.1, prop-types@^15.6.2:
  version "15.7.2"
  resolved "https://registry.yarnpkg.com/prop-types/-/prop-types-15.7.2.tgz#52c41e75b8c87e72b9d9360e0206b99dcbffa6c5"
  integrity sha512-8QQikdH7//R2vurIJSutZ1smHYTcLpRWEOlHnzcWHmBYrOGUysKwSsrC89BCiFj3CbrfJ/nXFdJepOVrY1GCHQ==
  dependencies:
    loose-envify "^1.4.0"
    object-assign "^4.1.1"
    react-is "^16.8.1"

react-is@^16.6.0, react-is@^16.7.0, react-is@^16.8.1:
  version "16.9.0"
  resolved "https://registry.yarnpkg.com/react-is/-/react-is-16.9.0.tgz#21ca9561399aad0ff1a7701c01683e8ca981edcb"
  integrity sha512-tJBzzzIgnnRfEm046qRcURvwQnZVXmuCbscxUO5RWrGTXpon2d4c8mI0D8WE6ydVIm29JiLB6+RslkIvym9Rjw==

react-lifecycles-compat@^3.0.4:
  version "3.0.4"
  resolved "https://registry.yarnpkg.com/react-lifecycles-compat/-/react-lifecycles-compat-3.0.4.tgz#4f1a273afdfc8f3488a8c516bfda78f872352362"
  integrity sha512-fBASbA6LnOU9dOU2eW7aQ8xmYBSXUIWr+UmF9b1efZBazGNO+rcXT/icdKnYm2pTwcRylVUYwW7H1PHfLekVzA==

react-player@^1.12.0:
  version "1.12.0"
  resolved "https://registry.yarnpkg.com/react-player/-/react-player-1.12.0.tgz#01ce8d1b018b9eef10e5cbf8a46bc35ef5bd508e"
  integrity sha512-KF4rshm9329X9UyR70bI8LsI738gnvbSzxayD/CKz7pMZTDeMhJXgsDgpurCAkb7tDCGxbVqNjG+CP/OLVGcqw==
  dependencies:
    deepmerge "^4.0.0"
    load-script "^1.0.0"
    prop-types "^15.5.6"

react-popper@^1.3.3:
  version "1.3.4"
  resolved "https://registry.yarnpkg.com/react-popper/-/react-popper-1.3.4.tgz#f0cd3b0d30378e1f663b0d79bcc8614221652ced"
  integrity sha512-9AcQB29V+WrBKk6X7p0eojd1f25/oJajVdMZkywIoAV6Ag7hzE1Mhyeup2Q1QnvFRtGQFQvtqfhlEoDAPfKAVA==
  dependencies:
    "@babel/runtime" "^7.1.2"
    create-react-context "^0.3.0"
    popper.js "^1.14.4"
    prop-types "^15.6.1"
    typed-styles "^0.0.7"
    warning "^4.0.2"

react-router-dom@^5.0.1:
  version "5.0.1"
  resolved "https://registry.yarnpkg.com/react-router-dom/-/react-router-dom-5.0.1.tgz#ee66f4a5d18b6089c361958e443489d6bab714be"
  integrity sha512-zaVHSy7NN0G91/Bz9GD4owex5+eop+KvgbxXsP/O+iW1/Ln+BrJ8QiIR5a6xNPtrdTvLkxqlDClx13QO1uB8CA==
  dependencies:
    "@babel/runtime" "^7.1.2"
    history "^4.9.0"
    loose-envify "^1.3.1"
    prop-types "^15.6.2"
    react-router "5.0.1"
    tiny-invariant "^1.0.2"
    tiny-warning "^1.0.0"

react-router@5.0.1:
  version "5.0.1"
  resolved "https://registry.yarnpkg.com/react-router/-/react-router-5.0.1.tgz#04ee77df1d1ab6cb8939f9f01ad5702dbadb8b0f"
  integrity sha512-EM7suCPNKb1NxcTZ2LEOWFtQBQRQXecLxVpdsP4DW4PbbqYWeRiLyV/Tt1SdCrvT2jcyXAXmVTmzvSzrPR63Bg==
  dependencies:
    "@babel/runtime" "^7.1.2"
    history "^4.9.0"
    hoist-non-react-statics "^3.1.0"
    loose-envify "^1.3.1"
    mini-create-react-context "^0.3.0"
    path-to-regexp "^1.7.0"
    prop-types "^15.6.2"
    react-is "^16.6.0"
    tiny-invariant "^1.0.2"
    tiny-warning "^1.0.0"

react-transition-group@^2.3.1:
  version "2.9.0"
  resolved "https://registry.yarnpkg.com/react-transition-group/-/react-transition-group-2.9.0.tgz#df9cdb025796211151a436c69a8f3b97b5b07c8d"
  integrity sha512-+HzNTCHpeQyl4MJ/bdE0u6XRMe9+XG/+aL4mCxVN4DnPBQ0/5bfHWPDuOZUzYdMj94daZaZdCCc1Dzt9R/xSSg==
  dependencies:
    dom-helpers "^3.4.0"
    loose-envify "^1.4.0"
    prop-types "^15.6.2"
    react-lifecycles-compat "^3.0.4"

reactstrap@^8.0.1:
  version "8.0.1"
  resolved "https://registry.yarnpkg.com/reactstrap/-/reactstrap-8.0.1.tgz#0b663c8195f540bc1d6d5dbcbcf73cab56fe7c79"
  integrity sha512-GvUWEL+a2+3npK1OxTXcNBMHXX4x6uc1KQRzK7yAOl+8sAHTRWqjunvMUfny3oDh8yKVzgqpqQlWWvs1B2HR9A==
  dependencies:
    "@babel/runtime" "^7.2.0"
    classnames "^2.2.3"
    lodash.isfunction "^3.0.9"
    lodash.isobject "^3.0.2"
    lodash.tonumber "^4.0.3"
    prop-types "^15.5.8"
    react-lifecycles-compat "^3.0.4"
    react-popper "^1.3.3"
    react-transition-group "^2.3.1"

regenerator-runtime@^0.13.2:
  version "0.13.3"
  resolved "https://registry.yarnpkg.com/regenerator-runtime/-/regenerator-runtime-0.13.3.tgz#7cf6a77d8f5c6f60eb73c5fc1955b2ceb01e6bf5"
  integrity sha512-naKIZz2GQ8JWh///G7L3X6LaQUAMp2lvb1rvwwsURe/VXwD6VMfr+/1NuNw3ag8v2kY1aQ/go5SNn79O9JU7yw==

resolve-pathname@^2.2.0:
  version "2.2.0"
  resolved "https://registry.yarnpkg.com/resolve-pathname/-/resolve-pathname-2.2.0.tgz#7e9ae21ed815fd63ab189adeee64dc831eefa879"
  integrity sha512-bAFz9ld18RzJfddgrO2e/0S2O81710++chRMUxHjXOYKF6jTAMrUNZrEZ1PvV0zlhfjidm08iRPdTLPno1FuRg==

tiny-invariant@^1.0.2:
  version "1.0.6"
  resolved "https://registry.yarnpkg.com/tiny-invariant/-/tiny-invariant-1.0.6.tgz#b3f9b38835e36a41c843a3b0907a5a7b3755de73"
  integrity sha512-FOyLWWVjG+aC0UqG76V53yAWdXfH8bO6FNmyZOuUrzDzK8DI3/JRY25UD7+g49JWM1LXwymsKERB+DzI0dTEQA==

tiny-warning@^1.0.0, tiny-warning@^1.0.2:
  version "1.0.3"
  resolved "https://registry.yarnpkg.com/tiny-warning/-/tiny-warning-1.0.3.tgz#94a30db453df4c643d0fd566060d60a875d84754"
  integrity sha512-lBN9zLN/oAf68o3zNXYrdCt1kP8WsiGW8Oo2ka41b2IM5JL/S1CTyX1rW0mb/zSuJun0ZUrDxx4sqvYS2FWzPA==

typed-styles@^0.0.7:
  version "0.0.7"
  resolved "https://registry.yarnpkg.com/typed-styles/-/typed-styles-0.0.7.tgz#93392a008794c4595119ff62dde6809dbc40a3d9"
  integrity sha512-pzP0PWoZUhsECYjABgCGQlRGL1n7tOHsgwYv3oIiEpJwGhFTuty/YNeduxQYzXXa3Ge5BdT6sHYIQYpl4uJ+5Q==

value-equal@^0.4.0:
  version "0.4.0"
  resolved "https://registry.yarnpkg.com/value-equal/-/value-equal-0.4.0.tgz#c5bdd2f54ee093c04839d71ce2e4758a6890abc7"
  integrity sha512-x+cYdNnaA3CxvMaTX0INdTCN8m8aF2uY9BvEqmxuYp8bL09cs/kWVQPVGcA35fMktdOsP69IgU7wFj/61dJHEw==

warning@^4.0.2, warning@^4.0.3:
  version "4.0.3"
  resolved "https://registry.yarnpkg.com/warning/-/warning-4.0.3.tgz#16e9e077eb8a86d6af7d64aa1e05fd85b4678ca3"
  integrity sha512-rpJyN222KWIvHJ/F53XSZv0Zl/accqHR8et1kpaMTD/fLCRxtV8iX8czMzY7sVZupTI3zcUTg8eycS2kNF9l6w==
  dependencies:
    loose-envify "^1.0.0"
